// !$*UTF8*$!
{
	archiveVersion = 1;
	classes = {
	};
	objectVersion = 50;
	objects = {

/* Begin PBXBuildFile section */
		FCACE5BA2236969100C4AE14 /* AppDelegate.swift in Sources */ = {isa = PBXBuildFile; fileRef = FCACE5B92236969100C4AE14 /* AppDelegate.swift */; };
		FCACE5BC2236969100C4AE14 /* ViewController.swift in Sources */ = {isa = PBXBuildFile; fileRef = FCACE5BB2236969100C4AE14 /* ViewController.swift */; };
		FCACE5BF2236969100C4AE14 /* Main.storyboard in Resources */ = {isa = PBXBuildFile; fileRef = FCACE5BD2236969100C4AE14 /* Main.storyboard */; };
		FCACE5C22236969100C4AE14 /* TestCD.xcdatamodeld in Sources */ = {isa = PBXBuildFile; fileRef = FCACE5C02236969100C4AE14 /* TestCD.xcdatamodeld */; };
		FCACE5C42236969200C4AE14 /* Assets.xcassets in Resources */ = {isa = PBXBuildFile; fileRef = FCACE5C32236969200C4AE14 /* Assets.xcassets */; };
		FCACE5C72236969200C4AE14 /* LaunchScreen.storyboard in Resources */ = {isa = PBXBuildFile; fileRef = FCACE5C52236969200C4AE14 /* LaunchScreen.storyboard */; };
/* End PBXBuildFile section */

/* Begin PBXFileReference section */
		FCACE5B62236969100C4AE14 /* TestCD.app */ = {isa = PBXFileReference; explicitFileType = wrapper.application; includeInIndex = 0; path = TestCD.app; sourceTree = BUILT_PRODUCTS_DIR; };
		FCACE5B92236969100C4AE14 /* AppDelegate.swift */ = {isa = PBXFileReference; lastKnownFileType = sourcecode.swift; path = AppDelegate.swift; sourceTree = "<group>"; };
		FCACE5BB2236969100C4AE14 /* ViewController.swift */ = {isa = PBXFileReference; lastKnownFileType = sourcecode.swift; path = ViewController.swift; sourceTree = "<group>"; };
		FCACE5BE2236969100C4AE14 /* Base */ = {isa = PBXFileReference; lastKnownFileType = file.storyboard; name = Base; path = Base.lproj/Main.storyboard; sourceTree = "<group>"; };
		FCACE5C12236969100C4AE14 /* TestCD.xcdatamodel */ = {isa = PBXFileReference; lastKnownFileType = wrapper.xcdatamodel; path = TestCD.xcdatamodel; sourceTree = "<group>"; };
		FCACE5C32236969200C4AE14 /* Assets.xcassets */ = {isa = PBXFileReference; lastKnownFileType = folder.assetcatalog; path = Assets.xcassets; sourceTree = "<group>"; };
		FCACE5C62236969200C4AE14 /* Base */ = {isa = PBXFileReference; lastKnownFileType = file.storyboard; name = Base; path = Base.lproj/LaunchScreen.storyboard; sourceTree = "<group>"; };
		FCACE5C82236969200C4AE14 /* Info.plist */ = {isa = PBXFileReference; lastKnownFileType = text.plist.xml; path = Info.plist; sourceTree = "<group>"; };
/* End PBXFileReference section */

/* Begin PBXFrameworksBuildPhase section */
		FCACE5B32236969100C4AE14 /* Frameworks */ = {
			isa = PBXFrameworksBuildPhase;
			buildActionMask = 2147483647;
			files = (
			);
			runOnlyForDeploymentPostprocessing = 0;
		};
/* End PBXFrameworksBuildPhase section */

/* Begin PBXGroup section */
		FCACE5AD2236969100C4AE14 = {
			isa = PBXGroup;
			children = (
				FCACE5B82236969100C4AE14 /* TestCD */,
				FCACE5B72236969100C4AE14 /* Products */,
			);
			sourceTree = "<group>";
		};
		FCACE5B72236969100C4AE14 /* Products */ = {
			isa = PBXGroup;
			children = (
				FCACE5B62236969100C4AE14 /* TestCD.app */,
			);
			name = Products;
			sourceTree = "<group>";
		};
		FCACE5B82236969100C4AE14 /* TestCD */ = {
			isa = PBXGroup;
			children = (
				FCACE5B92236969100C4AE14 /* AppDelegate.swift */,
				FCACE5BB2236969100C4AE14 /* ViewController.swift */,
				FCACE5BD2236969100C4AE14 /* Main.storyboard */,
				FCACE5C32236969200C4AE14 /* Assets.xcassets */,
				FCACE5C52236969200C4AE14 /* LaunchScreen.storyboard */,
				FCACE5C82236969200C4AE14 /* Info.plist */,
				FCACE5C02236969100C4AE14 /* TestCD.xcdatamodeld */,
			);
			path = TestCD;
			sourceTree = "<group>";
		};
/* End PBXGroup section */

/* Begin PBXNativeTarget section */
		FCACE5B52236969100C4AE14 /* TestCD */ = {
			isa = PBXNativeTarget;
			buildConfigurationList = FCACE5CB2236969200C4AE14 /* Build configuration list for PBXNativeTarget "TestCD" */;
			buildPhases = (
				FCACE5B22236969100C4AE14 /* Sources */,
				FCACE5B32236969100C4AE14 /* Frameworks */,
				FCACE5B42236969100C4AE14 /* Resources */,
			);
			buildRules = (
			);
			dependencies = (
			);
			name = TestCD;
			productName = TestCD;
			productReference = FCACE5B62236969100C4AE14 /* TestCD.app */;
			productType = "com.apple.product-type.application";
		};
/* End PBXNativeTarget section */

/* Begin PBXProject section */
		FCACE5AE2236969100C4AE14 /* Project object */ = {
			isa = PBXProject;
			attributes = {
				LastSwiftUpdateCheck = 1010;
				LastUpgradeCheck = 1010;
				ORGANIZATIONNAME = "Ali ED-DBALI";
				TargetAttributes = {
					FCACE5B52236969100C4AE14 = {
						CreatedOnToolsVersion = 10.1;
					};
				};
			};
			buildConfigurationList = FCACE5B12236969100C4AE14 /* Build configuration list for PBXProject "TestCD" */;
			compatibilityVersion = "Xcode 9.3";
			developmentRegion = en;
			hasScannedForEncodings = 0;
			knownRegions = (
				en,
				Base,
			);
			mainGroup = FCACE5AD2236969100C4AE14;
			productRefGroup = FCACE5B72236969100C4AE14 /* Products */;
			projectDirPath = "";
			projectRoot = "";
			targets = (
				FCACE5B52236969100C4AE14 /* TestCD */,
			);
		};
/* End PBXProject section */

/* Begin PBXResourcesBuildPhase section */
		FCACE5B42236969100C4AE14 /* Resources */ = {
			isa = PBXResourcesBuildPhase;
			buildActionMask = 2147483647;
			files = (
				FCACE5C72236969200C4AE14 /* LaunchScreen.storyboard in Resources */,
				FCACE5C42236969200C4AE14 /* Assets.xcassets in Resources */,
				FCACE5BF2236969100C4AE14 /* Main.storyboard in Resources */,
			);
			runOnlyForDeploymentPostprocessing = 0;
		};
/* End PBXResourcesBuildPhase section */

/* Begin PBXSourcesBuildPhase section */
		FCACE5B22236969100C4AE14 /* Sources */ = {
			isa = PBXSourcesBuildPhase;
			buildActionMask = 2147483647;
			files = (
				FCACE5BC2236969100C4AE14 /* ViewController.swift in Sources */,
				FCACE5C22236969100C4AE14 /* TestCD.xcdatamodeld in Sources */,
				FCACE5BA2236969100C4AE14 /* AppDelegate.swift in Sources */,
			);
			runOnlyForDeploymentPostprocessing = 0;
		};
/* End PBXSourcesBuildPhase section */

/* Begin PBXVariantGroup section */
		FCACE5BD2236969100C4AE14 /* Main.storyboard */ = {
			isa = PBXVariantGroup;
			children = (
				FCACE5BE2236969100C4AE14 /* Base */,
			);
			name = Main.storyboard;
			sourceTree = "<group>";
		};
		FCACE5C52236969200C4AE14 /* LaunchScreen.storyboard */ = {
			isa = PBXVariantGroup;
			children = (
				FCACE5C62236969200C4AE14 /* Base */,
			);
			name = LaunchScreen.storyboard;
			sourceTree = "<group>";
		};
/* End PBXVariantGroup section */

/* Begin XCBuildConfiguration section */
		FCACE5C92236969200C4AE14 /* Debug */ = {
			isa = XCBuildConfiguration;
			buildSettings = {
				ALWAYS_SEARCH_USER_PATHS = NO;
				CLANG_ANALYZER_NONNULL = YES;
				CLANG_ANALYZER_NUMBER_OBJECT_CONVERSION = YES_AGGRESSIVE;
				CLANG_CXX_LANGUAGE_STANDARD = "gnu++14";
				CLANG_CXX_LIBRARY = "libc++";
				CLANG_ENABLE_MODULES = YES;
				CLANG_ENABLE_OBJC_ARC = YES;
				CLANG_ENABLE_OBJC_WEAK = YES;
				CLANG_WARN_BLOCK_CAPTURE_AUTORELEASING = YES;
				CLANG_WARN_BOOL_CONVERSION = YES;
				CLANG_WARN_COMMA = YES;
				CLANG_WARN_CONSTANT_CONVERSION = YES;
				CLANG_WARN_DEPRECATED_OBJC_IMPLEMENTATIONS = YES;
				CLANG_WARN_DIRECT_OBJC_ISA_USAGE = YES_ERROR;
				CLANG_WARN_DOCUMENTATION_COMMENTS = YES;
				CLANG_WARN_EMPTY_BODY = YES;
				CLANG_WARN_ENUM_CONVERSION = YES;
				CLANG_WARN_INFINITE_RECURSION = YES;
				CLANG_WARN_INT_CONVERSION = YES;
				CLANG_WARN_NON_LITERAL_NULL_CONVERSION = YES;
				CLANG_WARN_OBJC_IMPLICIT_RETAIN_SELF = YES;
				CLANG_WARN_OBJC_LITERAL_CONVERSION = YES;
				CLANG_WARN_OBJC_ROOT_CLASS = YES_ERROR;
				CLANG_WARN_RANGE_LOOP_ANALYSIS = YES;
				CLANG_WARN_STRICT_PROTOTYPES = YES;
				CLANG_WARN_SUSPICIOUS_MOVE = YES;
				CLANG_WARN_UNGUARDED_AVAILABILITY = YES_AGGRESSIVE;
				CLANG_WARN_UNREACHABLE_CODE = YES;
				CLANG_WARN__DUPLICATE_METHOD_MATCH = YES;
				CODE_SIGN_IDENTITY = "iPhone Developer";
				COPY_PHASE_STRIP = NO;
				DEBUG_INFORMATION_FORMAT = dwarf;
				ENABLE_STRICT_OBJC_MSGSEND = YES;
				ENABLE_TESTABILITY = YES;
				GCC_C_LANGUAGE_STANDARD = gnu11;
				GCC_DYNAMIC_NO_PIC = NO;
				GCC_NO_COMMON_BLOCKS = YES;
				GCC_OPTIMIZATION_LEVEL = 0;
				GCC_PREPROCESSOR_DEFINITIONS = (
					"DEBUG=1",
					"$(inherited)",
				);
				GCC_WARN_64_TO_32_BIT_CONVERSION = YES;
				GCC_WARN_ABOUT_RETURN_TYPE = YES_ERROR;
				GCC_WARN_UNDECLARED_SELECTOR = YES;
				GCC_WARN_UNINITIALIZED_AUTOS = YES_AGGRESSIVE;
				GCC_WARN_UNUSED_FUNCTION = YES;
				GCC_WARN_UNUSED_VARIABLE = YES;
				IPHONEOS_DEPLOYMENT_TARGET = 12.1;
				MTL_ENABLE_DEBUG_INFO = INCLUDE_SOURCE;
				MTL_FAST_MATH = YES;
				ONLY_ACTIVE_ARCH = YES;
				SDKROOT = iphoneos;
				SWIFT_ACTIVE_COMPILATION_CONDITIONS = DEBUG;
				SWIFT_OPTIMIZATION_LEVEL = "-Onone";
			};
			name = Debug;
		};
		FCACE5CA2236969200C4AE14 /* Release */ = {
			isa = XCBuildConfiguration;
			buildSettings = {
				ALWAYS_SEARCH_USER_PATHS = NO;
				CLANG_ANALYZER_NONNULL = YES;
				CLANG_ANALYZER_NUMBER_OBJECT_CONVERSION = YES_AGGRESSIVE;
				CLANG_CXX_LANGUAGE_STANDARD = "gnu++14";
				CLANG_CXX_LIBRARY = "libc++";
				CLANG_ENABLE_MODULES = YES;
				CLANG_ENABLE_OBJC_ARC = YES;
				CLANG_ENABLE_OBJC_WEAK = YES;
				CLANG_WARN_BLOCK_CAPTURE_AUTORELEASING = YES;
				CLANG_WARN_BOOL_CONVERSION = YES;
				CLANG_WARN_COMMA = YES;
				CLANG_WARN_CONSTANT_CONVERSION = YES;
				CLANG_WARN_DEPRECATED_OBJC_IMPLEMENTATIONS = YES;
				CLANG_WARN_DIRECT_OBJC_ISA_USAGE = YES_ERROR;
				CLANG_WARN_DOCUMENTATION_COMMENTS = YES;
				CLANG_WARN_EMPTY_BODY = YES;
				CLANG_WARN_ENUM_CONVERSION = YES;
				CLANG_WARN_INFINITE_RECURSION = YES;
				CLANG_WARN_INT_CONVERSION = YES;
				CLANG_WARN_NON_LITERAL_NULL_CONVERSION = YES;
				CLANG_WARN_OBJC_IMPLICIT_RETAIN_SELF = YES;
				CLANG_WARN_OBJC_LITERAL_CONVERSION = YES;
				CLANG_WARN_OBJC_ROOT_CLASS = YES_ERROR;
				CLANG_WARN_RANGE_LOOP_ANALYSIS = YES;
				CLANG_WARN_STRICT_PROTOTYPES = YES;
				CLANG_WARN_SUSPICIOUS_MOVE = YES;
				CLANG_WARN_UNGUARDED_AVAILABILITY = YES_AGGRESSIVE;
				CLANG_WARN_UNREACHABLE_CODE = YES;
				CLANG_WARN__DUPLICATE_METHOD_MATCH = YES;
				CODE_SIGN_IDENTITY = "iPhone Developer";
				COPY_PHASE_STRIP = NO;
				DEBUG_INFORMATION_FORMAT = "dwarf-with-dsym";
				ENABLE_NS_ASSERTIONS = NO;
				ENABLE_STRICT_OBJC_MSGSEND = YES;
				GCC_C_LANGUAGE_STANDARD = gnu11;
				GCC_NO_COMMON_BLOCKS = YES;
				GCC_WARN_64_TO_32_BIT_CONVERSION = YES;
				GCC_WARN_ABOUT_RETURN_TYPE = YES_ERROR;
				GCC_WARN_UNDECLARED_SELECTOR = YES;
				GCC_WARN_UNINITIALIZED_AUTOS = YES_AGGRESSIVE;
				GCC_WARN_UNUSED_FUNCTION = YES;
				GCC_WARN_UNUSED_VARIABLE = YES;
				IPHONEOS_DEPLOYMENT_TARGET = 12.1;
				MTL_ENABLE_DEBUG_INFO = NO;
				MTL_FAST_MATH = YES;
				SDKROOT = iphoneos;
				SWIFT_COMPILATION_MODE = wholemodule;
				SWIFT_OPTIMIZATION_LEVEL = "-O";
				VALIDATE_PRODUCT = YES;
			};
			name = Release;
		};
		FCACE5CC2236969200C4AE14 /* Debug */ = {
			isa = XCBuildConfiguration;
			buildSettings = {
				ASSETCATALOG_COMPILER_APPICON_NAME = AppIcon;
				CODE_SIGN_STYLE = Automatic;
				INFOPLIST_FILE = TestCD/Info.plist;
				LD_RUNPATH_SEARCH_PATHS = (
					"$(inherited)",
					"@executable_path/Frameworks",
				);
				PRODUCT_BUNDLE_IDENTIFIER = net.eddbali.ali.TestCD;
				PRODUCT_NAME = "$(TARGET_NAME)";
				SWIFT_VERSION = 4.2;
				TARGETED_DEVICE_FAMILY = "1,2";
			};
			name = Debug;
		};
		FCACE5CD2236969200C4AE14 /* Release */ = {
			isa = XCBuildConfiguration;
			buildSettings = {
				ASSETCATALOG_COMPILER_APPICON_NAME = AppIcon;
				CODE_SIGN_STYLE = Automatic;
				INFOPLIST_FILE = TestCD/Info.plist;
				LD_RUNPATH_SEARCH_PATHS = (
					"$(inherited)",
					"@executable_path/Frameworks",
				);
				PRODUCT_BUNDLE_IDENTIFIER = net.eddbali.ali.TestCD;
				PRODUCT_NAME = "$(TARGET_NAME)";
				SWIFT_VERSION = 4.2;
				TARGETED_DEVICE_FAMILY = "1,2";
			};
			name = Release;
		};
/* End XCBuildConfiguration section */

/* Begin XCConfigurationList section */
		FCACE5B12236969100C4AE14 /* Build configuration list for PBXProject "TestCD" */ = {
			isa = XCConfigurationList;
			buildConfigurations = (
				FCACE5C92236969200C4AE14 /* Debug */,
				FCACE5CA2236969200C4AE14 /* Release */,
			);
			defaultConfigurationIsVisible = 0;
			defaultConfigurationName = Release;
		};
		FCACE5CB2236969200C4AE14 /* Build configuration list for PBXNativeTarget "TestCD" */ = {
			isa = XCConfigurationList;
			buildConfigurations = (
				FCACE5CC2236969200C4AE14 /* Debug */,
				FCACE5CD2236969200C4AE14 /* Release */,
			);
			defaultConfigurationIsVisible = 0;
			defaultConfigurationName = Release;
		};
/* End XCConfigurationList section */

/* Begin XCVersionGroup section */
		FCACE5C02236969100C4AE14 /* TestCD.xcdatamodeld */ = {
			isa = XCVersionGroup;
			children = (
				FCACE5C12236969100C4AE14 /* TestCD.xcdatamodel */,
			);
			currentVersion = FCACE5C12236969100C4AE14 /* TestCD.xcdatamodel */;
			path = TestCD.xcdatamodeld;
			sourceTree = "<group>";
			versionGroupType = wrapper.xcdatamodel;
		};
/* End XCVersionGroup section */
	};
	rootObject = FCACE5AE2236969100C4AE14 /* Project object */;
}
